// !$*UTF8*$!
{
	archiveVersion = 1;
	classes = {
	};
	objectVersion = 48;
	objects = {

/* Begin PBXBuildFile section */
		702B5AA222F9DEB3007F83F2 /* AppDelegate.swift in Sources */ = {isa = PBXBuildFile; fileRef = 702B5AA122F9DEB3007F83F2 /* AppDelegate.swift */; };
		702B5AA422F9DEB3007F83F2 /* ViewController.swift in Sources */ = {isa = PBXBuildFile; fileRef = 702B5AA322F9DEB3007F83F2 /* ViewController.swift */; };
		702B5AA722F9DEB3007F83F2 /* Main.storyboard in Resources */ = {isa = PBXBuildFile; fileRef = 702B5AA522F9DEB3007F83F2 /* Main.storyboard */; };
		702B5AA922F9DEB3007F83F2 /* Assets.xcassets in Resources */ = {isa = PBXBuildFile; fileRef = 702B5AA822F9DEB3007F83F2 /* Assets.xcassets */; };
		702B5AAC22F9DEB3007F83F2 /* LaunchScreen.storyboard in Resources */ = {isa = PBXBuildFile; fileRef = 702B5AAA22F9DEB3007F83F2 /* LaunchScreen.storyboard */; };
		702B5AB722F9DEB3007F83F2 /* BooketTests.swift in Sources */ = {isa = PBXBuildFile; fileRef = 702B5AB622F9DEB3007F83F2 /* BooketTests.swift */; };
		702B5AC222F9DEB3007F83F2 /* BooketUITests.swift in Sources */ = {isa = PBXBuildFile; fileRef = 702B5AC122F9DEB3007F83F2 /* BooketUITests.swift */; };
		702C884A2330BADC00C915FB /* SVGKit-3.x in Resources */ = {isa = PBXBuildFile; fileRef = 702C88492330BADB00C915FB /* SVGKit-3.x */; };
		B813247E267BB83E5F9F07F6 /* libPods-BooketUITests.a in Frameworks */ = {isa = PBXBuildFile; fileRef = 987F5AEC77C43A5AC2E26C66 /* libPods-BooketUITests.a */; };
		C959DDBCB5190208E145E1C8 /* libPods-BooketTests.a in Frameworks */ = {isa = PBXBuildFile; fileRef = 498676C7FCE39604924F09C5 /* libPods-BooketTests.a */; };
		F921127EEDEAFD68750E4D60 /* Pods_Booket.framework in Frameworks */ = {isa = PBXBuildFile; fileRef = F34BE7678DC5492B62B55C77 /* Pods_Booket.framework */; };
/* End PBXBuildFile section */

/* Begin PBXContainerItemProxy section */
		702B5AB322F9DEB3007F83F2 /* PBXContainerItemProxy */ = {
			isa = PBXContainerItemProxy;
			containerPortal = 702B5A9622F9DEB2007F83F2 /* Project object */;
			proxyType = 1;
			remoteGlobalIDString = 702B5A9D22F9DEB3007F83F2;
			remoteInfo = Booket;
		};
		702B5ABE22F9DEB3007F83F2 /* PBXContainerItemProxy */ = {
			isa = PBXContainerItemProxy;
			containerPortal = 702B5A9622F9DEB2007F83F2 /* Project object */;
			proxyType = 1;
			remoteGlobalIDString = 702B5A9D22F9DEB3007F83F2;
			remoteInfo = Booket;
		};
/* End PBXContainerItemProxy section */

/* Begin PBXFileReference section */
		498676C7FCE39604924F09C5 /* libPods-BooketTests.a */ = {isa = PBXFileReference; explicitFileType = archive.ar; includeInIndex = 0; path = "libPods-BooketTests.a"; sourceTree = BUILT_PRODUCTS_DIR; };
		6BFE957B3050577AC3358E06 /* Pods-Booket.debug.xcconfig */ = {isa = PBXFileReference; includeInIndex = 1; lastKnownFileType = text.xcconfig; name = "Pods-Booket.debug.xcconfig"; path = "Target Support Files/Pods-Booket/Pods-Booket.debug.xcconfig"; sourceTree = "<group>"; };
		702B5A9E22F9DEB3007F83F2 /* Booket.app */ = {isa = PBXFileReference; explicitFileType = wrapper.application; includeInIndex = 0; path = Booket.app; sourceTree = BUILT_PRODUCTS_DIR; };
		702B5AA122F9DEB3007F83F2 /* AppDelegate.swift */ = {isa = PBXFileReference; lastKnownFileType = sourcecode.swift; path = AppDelegate.swift; sourceTree = "<group>"; };
		702B5AA322F9DEB3007F83F2 /* ViewController.swift */ = {isa = PBXFileReference; lastKnownFileType = sourcecode.swift; path = ViewController.swift; sourceTree = "<group>"; };
		702B5AA622F9DEB3007F83F2 /* Base */ = {isa = PBXFileReference; lastKnownFileType = file.storyboard; name = Base; path = Base.lproj/Main.storyboard; sourceTree = "<group>"; };
		702B5AA822F9DEB3007F83F2 /* Assets.xcassets */ = {isa = PBXFileReference; lastKnownFileType = folder.assetcatalog; path = Assets.xcassets; sourceTree = "<group>"; };
		702B5AAB22F9DEB3007F83F2 /* Base */ = {isa = PBXFileReference; lastKnownFileType = file.storyboard; name = Base; path = Base.lproj/LaunchScreen.storyboard; sourceTree = "<group>"; };
		702B5AAD22F9DEB3007F83F2 /* Info.plist */ = {isa = PBXFileReference; lastKnownFileType = text.plist.xml; path = Info.plist; sourceTree = "<group>"; };
		702B5AB222F9DEB3007F83F2 /* BooketTests.xctest */ = {isa = PBXFileReference; explicitFileType = wrapper.cfbundle; includeInIndex = 0; path = BooketTests.xctest; sourceTree = BUILT_PRODUCTS_DIR; };
		702B5AB622F9DEB3007F83F2 /* BooketTests.swift */ = {isa = PBXFileReference; lastKnownFileType = sourcecode.swift; path = BooketTests.swift; sourceTree = "<group>"; };
		702B5AB822F9DEB3007F83F2 /* Info.plist */ = {isa = PBXFileReference; lastKnownFileType = text.plist.xml; path = Info.plist; sourceTree = "<group>"; };
		702B5ABD22F9DEB3007F83F2 /* BooketUITests.xctest */ = {isa = PBXFileReference; explicitFileType = wrapper.cfbundle; includeInIndex = 0; path = BooketUITests.xctest; sourceTree = BUILT_PRODUCTS_DIR; };
		702B5AC122F9DEB3007F83F2 /* BooketUITests.swift */ = {isa = PBXFileReference; lastKnownFileType = sourcecode.swift; path = BooketUITests.swift; sourceTree = "<group>"; };
		702B5AC322F9DEB3007F83F2 /* Info.plist */ = {isa = PBXFileReference; lastKnownFileType = text.plist.xml; path = Info.plist; sourceTree = "<group>"; };
		702C88492330BADB00C915FB /* SVGKit-3.x */ = {isa = PBXFileReference; lastKnownFileType = folder; path = "SVGKit-3.x"; sourceTree = "<group>"; };
		7064F8722330737B00460AD9 /* PrefixHeader.pch */ = {isa = PBXFileReference; lastKnownFileType = sourcecode.c.h; path = PrefixHeader.pch; sourceTree = "<group>"; };
		7074F5B4232B97190051A659 /* Pods */ = {isa = PBXFileReference; lastKnownFileType = folder; path = Pods; sourceTree = "<group>"; };
		7074F5B6232B972B0051A659 /* SwiftSVG */ = {isa = PBXFileReference; lastKnownFileType = folder; name = SwiftSVG; path = Pods/SwiftSVG; sourceTree = "<group>"; };
		7074F5B8232B973A0051A659 /* SVGKit */ = {isa = PBXFileReference; lastKnownFileType = folder; name = SVGKit; path = Pods/SVGKit; sourceTree = "<group>"; };
		7074F5BB232B9C190051A659 /* Bridging-Header.h */ = {isa = PBXFileReference; lastKnownFileType = sourcecode.c.h; path = "Bridging-Header.h"; sourceTree = "<group>"; };
		987F5AEC77C43A5AC2E26C66 /* libPods-BooketUITests.a */ = {isa = PBXFileReference; explicitFileType = archive.ar; includeInIndex = 0; path = "libPods-BooketUITests.a"; sourceTree = BUILT_PRODUCTS_DIR; };
		9C2CFF7258DB38A3877EFBAC /* Pods-BooketUITests.release.xcconfig */ = {isa = PBXFileReference; includeInIndex = 1; lastKnownFileType = text.xcconfig; name = "Pods-BooketUITests.release.xcconfig"; path = "Target Support Files/Pods-BooketUITests/Pods-BooketUITests.release.xcconfig"; sourceTree = "<group>"; };
		A7B26CB4141A1A36A3333C0D /* Pods-BooketUITests.debug.xcconfig */ = {isa = PBXFileReference; includeInIndex = 1; lastKnownFileType = text.xcconfig; name = "Pods-BooketUITests.debug.xcconfig"; path = "Target Support Files/Pods-BooketUITests/Pods-BooketUITests.debug.xcconfig"; sourceTree = "<group>"; };
		A94719613AFDA711341A8A20 /* Pods-BooketTests.debug.xcconfig */ = {isa = PBXFileReference; includeInIndex = 1; lastKnownFileType = text.xcconfig; name = "Pods-BooketTests.debug.xcconfig"; path = "Target Support Files/Pods-BooketTests/Pods-BooketTests.debug.xcconfig"; sourceTree = "<group>"; };
		B27CF9DE5EE1A4B99AE7A703 /* Pods-Booket.release.xcconfig */ = {isa = PBXFileReference; includeInIndex = 1; lastKnownFileType = text.xcconfig; name = "Pods-Booket.release.xcconfig"; path = "Target Support Files/Pods-Booket/Pods-Booket.release.xcconfig"; sourceTree = "<group>"; };
		F34BE7678DC5492B62B55C77 /* Pods_Booket.framework */ = {isa = PBXFileReference; explicitFileType = wrapper.framework; includeInIndex = 0; path = Pods_Booket.framework; sourceTree = BUILT_PRODUCTS_DIR; };
		FE09BC5AD18312F85699C77D /* Pods-BooketTests.release.xcconfig */ = {isa = PBXFileReference; includeInIndex = 1; lastKnownFileType = text.xcconfig; name = "Pods-BooketTests.release.xcconfig"; path = "Target Support Files/Pods-BooketTests/Pods-BooketTests.release.xcconfig"; sourceTree = "<group>"; };
/* End PBXFileReference section */

/* Begin PBXFrameworksBuildPhase section */
		702B5A9B22F9DEB3007F83F2 /* Frameworks */ = {
			isa = PBXFrameworksBuildPhase;
			buildActionMask = 2147483647;
			files = (
				F921127EEDEAFD68750E4D60 /* Pods_Booket.framework in Frameworks */,
			);
			runOnlyForDeploymentPostprocessing = 0;
		};
		702B5AAF22F9DEB3007F83F2 /* Frameworks */ = {
			isa = PBXFrameworksBuildPhase;
			buildActionMask = 2147483647;
			files = (
				C959DDBCB5190208E145E1C8 /* libPods-BooketTests.a in Frameworks */,
			);
			runOnlyForDeploymentPostprocessing = 0;
		};
		702B5ABA22F9DEB3007F83F2 /* Frameworks */ = {
			isa = PBXFrameworksBuildPhase;
			buildActionMask = 2147483647;
			files = (
				B813247E267BB83E5F9F07F6 /* libPods-BooketUITests.a in Frameworks */,
			);
			runOnlyForDeploymentPostprocessing = 0;
		};
/* End PBXFrameworksBuildPhase section */

/* Begin PBXGroup section */
		702B5A9522F9DEB2007F83F2 = {
			isa = PBXGroup;
			children = (
				702C88492330BADB00C915FB /* SVGKit-3.x */,
				7064F8722330737B00460AD9 /* PrefixHeader.pch */,
				7074F5BB232B9C190051A659 /* Bridging-Header.h */,
				702B5AA022F9DEB3007F83F2 /* Booket */,
				702B5AB522F9DEB3007F83F2 /* BooketTests */,
				702B5AC022F9DEB3007F83F2 /* BooketUITests */,
				702B5A9F22F9DEB3007F83F2 /* Products */,
				DC9F5E5EB7920158EAE3A688 /* Pods */,
				CBC2828A72418C1FCF23515B /* Frameworks */,
			);
			sourceTree = "<group>";
		};
		702B5A9F22F9DEB3007F83F2 /* Products */ = {
			isa = PBXGroup;
			children = (
				702B5A9E22F9DEB3007F83F2 /* Booket.app */,
				702B5AB222F9DEB3007F83F2 /* BooketTests.xctest */,
				702B5ABD22F9DEB3007F83F2 /* BooketUITests.xctest */,
			);
			name = Products;
			sourceTree = "<group>";
		};
		702B5AA022F9DEB3007F83F2 /* Booket */ = {
			isa = PBXGroup;
			children = (
				702B5AA122F9DEB3007F83F2 /* AppDelegate.swift */,
				702B5AA322F9DEB3007F83F2 /* ViewController.swift */,
				702B5AA522F9DEB3007F83F2 /* Main.storyboard */,
				702B5AA822F9DEB3007F83F2 /* Assets.xcassets */,
				702B5AAA22F9DEB3007F83F2 /* LaunchScreen.storyboard */,
				702B5AAD22F9DEB3007F83F2 /* Info.plist */,
			);
			path = Booket;
			sourceTree = "<group>";
		};
		702B5AB522F9DEB3007F83F2 /* BooketTests */ = {
			isa = PBXGroup;
			children = (
				702B5AB622F9DEB3007F83F2 /* BooketTests.swift */,
				702B5AB822F9DEB3007F83F2 /* Info.plist */,
			);
			path = BooketTests;
			sourceTree = "<group>";
		};
		702B5AC022F9DEB3007F83F2 /* BooketUITests */ = {
			isa = PBXGroup;
			children = (
				702B5AC122F9DEB3007F83F2 /* BooketUITests.swift */,
				702B5AC322F9DEB3007F83F2 /* Info.plist */,
			);
			path = BooketUITests;
			sourceTree = "<group>";
		};
		CBC2828A72418C1FCF23515B /* Frameworks */ = {
			isa = PBXGroup;
			children = (
				7074F5B8232B973A0051A659 /* SVGKit */,
				7074F5B6232B972B0051A659 /* SwiftSVG */,
				7074F5B4232B97190051A659 /* Pods */,
				F34BE7678DC5492B62B55C77 /* Pods_Booket.framework */,
				498676C7FCE39604924F09C5 /* libPods-BooketTests.a */,
				987F5AEC77C43A5AC2E26C66 /* libPods-BooketUITests.a */,
			);
			name = Frameworks;
			sourceTree = "<group>";
		};
		DC9F5E5EB7920158EAE3A688 /* Pods */ = {
			isa = PBXGroup;
			children = (
				6BFE957B3050577AC3358E06 /* Pods-Booket.debug.xcconfig */,
				B27CF9DE5EE1A4B99AE7A703 /* Pods-Booket.release.xcconfig */,
				A94719613AFDA711341A8A20 /* Pods-BooketTests.debug.xcconfig */,
				FE09BC5AD18312F85699C77D /* Pods-BooketTests.release.xcconfig */,
				A7B26CB4141A1A36A3333C0D /* Pods-BooketUITests.debug.xcconfig */,
				9C2CFF7258DB38A3877EFBAC /* Pods-BooketUITests.release.xcconfig */,
			);
			path = Pods;
			sourceTree = "<group>";
		};
/* End PBXGroup section */

/* Begin PBXHeadersBuildPhase section */
		702C884B2330C1B500C915FB /* Headers */ = {
			isa = PBXHeadersBuildPhase;
			buildActionMask = 2147483647;
			files = (
			);
			runOnlyForDeploymentPostprocessing = 0;
		};
/* End PBXHeadersBuildPhase section */

/* Begin PBXNativeTarget section */
		702B5A9D22F9DEB3007F83F2 /* Booket */ = {
			isa = PBXNativeTarget;
			buildConfigurationList = 702B5AC622F9DEB3007F83F2 /* Build configuration list for PBXNativeTarget "Booket" */;
			buildPhases = (
				F66B7262EB0A03C3F64F3609 /* [CP] Check Pods Manifest.lock */,
				702B5A9A22F9DEB3007F83F2 /* Sources */,
				702B5A9B22F9DEB3007F83F2 /* Frameworks */,
				702B5A9C22F9DEB3007F83F2 /* Resources */,
				2436B4F8365D36F6238A311B /* [CP] Embed Pods Frameworks */,
				702C884B2330C1B500C915FB /* Headers */,
			);
			buildRules = (
			);
			dependencies = (
			);
			name = Booket;
			productName = Booket;
			productReference = 702B5A9E22F9DEB3007F83F2 /* Booket.app */;
			productType = "com.apple.product-type.application";
		};
		702B5AB122F9DEB3007F83F2 /* BooketTests */ = {
			isa = PBXNativeTarget;
			buildConfigurationList = 702B5AC922F9DEB3007F83F2 /* Build configuration list for PBXNativeTarget "BooketTests" */;
			buildPhases = (
				65605A7E30F05E068F72F0F3 /* [CP] Check Pods Manifest.lock */,
				702B5AAE22F9DEB3007F83F2 /* Sources */,
				702B5AAF22F9DEB3007F83F2 /* Frameworks */,
				702B5AB022F9DEB3007F83F2 /* Resources */,
			);
			buildRules = (
			);
			dependencies = (
				702B5AB422F9DEB3007F83F2 /* PBXTargetDependency */,
			);
			name = BooketTests;
			productName = BooketTests;
			productReference = 702B5AB222F9DEB3007F83F2 /* BooketTests.xctest */;
			productType = "com.apple.product-type.bundle.unit-test";
		};
		702B5ABC22F9DEB3007F83F2 /* BooketUITests */ = {
			isa = PBXNativeTarget;
			buildConfigurationList = 702B5ACC22F9DEB3007F83F2 /* Build configuration list for PBXNativeTarget "BooketUITests" */;
			buildPhases = (
				B172E96B39BBC0C602CC544B /* [CP] Check Pods Manifest.lock */,
				702B5AB922F9DEB3007F83F2 /* Sources */,
				702B5ABA22F9DEB3007F83F2 /* Frameworks */,
				702B5ABB22F9DEB3007F83F2 /* Resources */,
			);
			buildRules = (
			);
			dependencies = (
				702B5ABF22F9DEB3007F83F2 /* PBXTargetDependency */,
			);
			name = BooketUITests;
			productName = BooketUITests;
			productReference = 702B5ABD22F9DEB3007F83F2 /* BooketUITests.xctest */;
			productType = "com.apple.product-type.bundle.ui-testing";
		};
/* End PBXNativeTarget section */

/* Begin PBXProject section */
		702B5A9622F9DEB2007F83F2 /* Project object */ = {
			isa = PBXProject;
			attributes = {
				LastSwiftUpdateCheck = 0910;
				LastUpgradeCheck = 0910;
				ORGANIZATIONNAME = "西村 友佑";
				TargetAttributes = {
					702B5A9D22F9DEB3007F83F2 = {
						CreatedOnToolsVersion = 9.1;
						ProvisioningStyle = Automatic;
					};
					702B5AB122F9DEB3007F83F2 = {
						CreatedOnToolsVersion = 9.1;
						ProvisioningStyle = Automatic;
						TestTargetID = 702B5A9D22F9DEB3007F83F2;
					};
					702B5ABC22F9DEB3007F83F2 = {
						CreatedOnToolsVersion = 9.1;
						ProvisioningStyle = Automatic;
						TestTargetID = 702B5A9D22F9DEB3007F83F2;
					};
				};
			};
			buildConfigurationList = 702B5A9922F9DEB2007F83F2 /* Build configuration list for PBXProject "Booket" */;
			compatibilityVersion = "Xcode 8.0";
			developmentRegion = en;
			hasScannedForEncodings = 0;
			knownRegions = (
				en,
				Base,
			);
			mainGroup = 702B5A9522F9DEB2007F83F2;
			productRefGroup = 702B5A9F22F9DEB3007F83F2 /* Products */;
			projectDirPath = "";
			projectRoot = "";
			targets = (
				702B5A9D22F9DEB3007F83F2 /* Booket */,
				702B5AB122F9DEB3007F83F2 /* BooketTests */,
				702B5ABC22F9DEB3007F83F2 /* BooketUITests */,
			);
		};
/* End PBXProject section */

/* Begin PBXResourcesBuildPhase section */
		702B5A9C22F9DEB3007F83F2 /* Resources */ = {
			isa = PBXResourcesBuildPhase;
			buildActionMask = 2147483647;
			files = (
				702C884A2330BADC00C915FB /* SVGKit-3.x in Resources */,
				702B5AAC22F9DEB3007F83F2 /* LaunchScreen.storyboard in Resources */,
				702B5AA922F9DEB3007F83F2 /* Assets.xcassets in Resources */,
				702B5AA722F9DEB3007F83F2 /* Main.storyboard in Resources */,
			);
			runOnlyForDeploymentPostprocessing = 0;
		};
		702B5AB022F9DEB3007F83F2 /* Resources */ = {
			isa = PBXResourcesBuildPhase;
			buildActionMask = 2147483647;
			files = (
			);
			runOnlyForDeploymentPostprocessing = 0;
		};
		702B5ABB22F9DEB3007F83F2 /* Resources */ = {
			isa = PBXResourcesBuildPhase;
			buildActionMask = 2147483647;
			files = (
			);
			runOnlyForDeploymentPostprocessing = 0;
		};
/* End PBXResourcesBuildPhase section */

/* Begin PBXShellScriptBuildPhase section */
		2436B4F8365D36F6238A311B /* [CP] Embed Pods Frameworks */ = {
			isa = PBXShellScriptBuildPhase;
			buildActionMask = 2147483647;
			files = (
			);
			inputPaths = (
				"${PODS_ROOT}/Target Support Files/Pods-Booket/Pods-Booket-frameworks.sh",
				"${BUILT_PRODUCTS_DIR}/CocoaLumberjack/CocoaLumberjack.framework",
				"${BUILT_PRODUCTS_DIR}/SVGKit/SVGKit.framework",
				"${BUILT_PRODUCTS_DIR}/SwiftSVG/SwiftSVG.framework",
				"${BUILT_PRODUCTS_DIR}/XLPagerTabStrip/XLPagerTabStrip.framework",
			);
			name = "[CP] Embed Pods Frameworks";
			outputPaths = (
				"${TARGET_BUILD_DIR}/${FRAMEWORKS_FOLDER_PATH}/CocoaLumberjack.framework",
				"${TARGET_BUILD_DIR}/${FRAMEWORKS_FOLDER_PATH}/SVGKit.framework",
				"${TARGET_BUILD_DIR}/${FRAMEWORKS_FOLDER_PATH}/SwiftSVG.framework",
				"${TARGET_BUILD_DIR}/${FRAMEWORKS_FOLDER_PATH}/XLPagerTabStrip.framework",
			);
			runOnlyForDeploymentPostprocessing = 0;
			shellPath = /bin/sh;
			shellScript = "\"${PODS_ROOT}/Target Support Files/Pods-Booket/Pods-Booket-frameworks.sh\"\n";
			showEnvVarsInLog = 0;
		};
		65605A7E30F05E068F72F0F3 /* [CP] Check Pods Manifest.lock */ = {
			isa = PBXShellScriptBuildPhase;
			buildActionMask = 2147483647;
			files = (
			);
			inputPaths = (
				"${PODS_PODFILE_DIR_PATH}/Podfile.lock",
				"${PODS_ROOT}/Manifest.lock",
			);
			name = "[CP] Check Pods Manifest.lock";
			outputPaths = (
				"$(DERIVED_FILE_DIR)/Pods-BooketTests-checkManifestLockResult.txt",
			);
			runOnlyForDeploymentPostprocessing = 0;
			shellPath = /bin/sh;
			shellScript = "diff \"${PODS_PODFILE_DIR_PATH}/Podfile.lock\" \"${PODS_ROOT}/Manifest.lock\" > /dev/null\nif [ $? != 0 ] ; then\n    # print error to STDERR\n    echo \"error: The sandbox is not in sync with the Podfile.lock. Run 'pod install' or update your CocoaPods installation.\" >&2\n    exit 1\nfi\n# This output is used by Xcode 'outputs' to avoid re-running this script phase.\necho \"SUCCESS\" > \"${SCRIPT_OUTPUT_FILE_0}\"\n";
			showEnvVarsInLog = 0;
		};
		B172E96B39BBC0C602CC544B /* [CP] Check Pods Manifest.lock */ = {
			isa = PBXShellScriptBuildPhase;
			buildActionMask = 2147483647;
			files = (
			);
			inputPaths = (
				"${PODS_PODFILE_DIR_PATH}/Podfile.lock",
				"${PODS_ROOT}/Manifest.lock",
			);
			name = "[CP] Check Pods Manifest.lock";
			outputPaths = (
				"$(DERIVED_FILE_DIR)/Pods-BooketUITests-checkManifestLockResult.txt",
			);
			runOnlyForDeploymentPostprocessing = 0;
			shellPath = /bin/sh;
			shellScript = "diff \"${PODS_PODFILE_DIR_PATH}/Podfile.lock\" \"${PODS_ROOT}/Manifest.lock\" > /dev/null\nif [ $? != 0 ] ; then\n    # print error to STDERR\n    echo \"error: The sandbox is not in sync with the Podfile.lock. Run 'pod install' or update your CocoaPods installation.\" >&2\n    exit 1\nfi\n# This output is used by Xcode 'outputs' to avoid re-running this script phase.\necho \"SUCCESS\" > \"${SCRIPT_OUTPUT_FILE_0}\"\n";
			showEnvVarsInLog = 0;
		};
		F66B7262EB0A03C3F64F3609 /* [CP] Check Pods Manifest.lock */ = {
			isa = PBXShellScriptBuildPhase;
			buildActionMask = 2147483647;
			files = (
			);
			inputPaths = (
				"${PODS_PODFILE_DIR_PATH}/Podfile.lock",
				"${PODS_ROOT}/Manifest.lock",
			);
			name = "[CP] Check Pods Manifest.lock";
			outputPaths = (
				"$(DERIVED_FILE_DIR)/Pods-Booket-checkManifestLockResult.txt",
			);
			runOnlyForDeploymentPostprocessing = 0;
			shellPath = /bin/sh;
			shellScript = "diff \"${PODS_PODFILE_DIR_PATH}/Podfile.lock\" \"${PODS_ROOT}/Manifest.lock\" > /dev/null\nif [ $? != 0 ] ; then\n    # print error to STDERR\n    echo \"error: The sandbox is not in sync with the Podfile.lock. Run 'pod install' or update your CocoaPods installation.\" >&2\n    exit 1\nfi\n# This output is used by Xcode 'outputs' to avoid re-running this script phase.\necho \"SUCCESS\" > \"${SCRIPT_OUTPUT_FILE_0}\"\n";
			showEnvVarsInLog = 0;
		};
/* End PBXShellScriptBuildPhase section */

/* Begin PBXSourcesBuildPhase section */
		702B5A9A22F9DEB3007F83F2 /* Sources */ = {
			isa = PBXSourcesBuildPhase;
			buildActionMask = 2147483647;
			files = (
				702B5AA422F9DEB3007F83F2 /* ViewController.swift in Sources */,
				702B5AA222F9DEB3007F83F2 /* AppDelegate.swift in Sources */,
			);
			runOnlyForDeploymentPostprocessing = 0;
		};
		702B5AAE22F9DEB3007F83F2 /* Sources */ = {
			isa = PBXSourcesBuildPhase;
			buildActionMask = 2147483647;
			files = (
				702B5AB722F9DEB3007F83F2 /* BooketTests.swift in Sources */,
			);
			runOnlyForDeploymentPostprocessing = 0;
		};
		702B5AB922F9DEB3007F83F2 /* Sources */ = {
			isa = PBXSourcesBuildPhase;
			buildActionMask = 2147483647;
			files = (
				702B5AC222F9DEB3007F83F2 /* BooketUITests.swift in Sources */,
			);
			runOnlyForDeploymentPostprocessing = 0;
		};
/* End PBXSourcesBuildPhase section */

/* Begin PBXTargetDependency section */
		702B5AB422F9DEB3007F83F2 /* PBXTargetDependency */ = {
			isa = PBXTargetDependency;
			target = 702B5A9D22F9DEB3007F83F2 /* Booket */;
			targetProxy = 702B5AB322F9DEB3007F83F2 /* PBXContainerItemProxy */;
		};
		702B5ABF22F9DEB3007F83F2 /* PBXTargetDependency */ = {
			isa = PBXTargetDependency;
			target = 702B5A9D22F9DEB3007F83F2 /* Booket */;
			targetProxy = 702B5ABE22F9DEB3007F83F2 /* PBXContainerItemProxy */;
		};
/* End PBXTargetDependency section */

/* Begin PBXVariantGroup section */
		702B5AA522F9DEB3007F83F2 /* Main.storyboard */ = {
			isa = PBXVariantGroup;
			children = (
				702B5AA622F9DEB3007F83F2 /* Base */,
			);
			name = Main.storyboard;
			sourceTree = "<group>";
		};
		702B5AAA22F9DEB3007F83F2 /* LaunchScreen.storyboard */ = {
			isa = PBXVariantGroup;
			children = (
				702B5AAB22F9DEB3007F83F2 /* Base */,
			);
			name = LaunchScreen.storyboard;
			sourceTree = "<group>";
		};
/* End PBXVariantGroup section */

/* Begin XCBuildConfiguration section */
		702B5AC422F9DEB3007F83F2 /* Debug */ = {
			isa = XCBuildConfiguration;
			buildSettings = {
				ALWAYS_SEARCH_USER_PATHS = NO;
				CLANG_ANALYZER_NONNULL = YES;
				CLANG_ANALYZER_NUMBER_OBJECT_CONVERSION = YES_AGGRESSIVE;
				CLANG_CXX_LANGUAGE_STANDARD = "gnu++14";
				CLANG_CXX_LIBRARY = "libc++";
				CLANG_ENABLE_MODULES = YES;
				CLANG_ENABLE_OBJC_ARC = YES;
				CLANG_WARN_BLOCK_CAPTURE_AUTORELEASING = YES;
				CLANG_WARN_BOOL_CONVERSION = YES;
				CLANG_WARN_COMMA = YES;
				CLANG_WARN_CONSTANT_CONVERSION = YES;
				CLANG_WARN_DIRECT_OBJC_ISA_USAGE = YES_ERROR;
				CLANG_WARN_DOCUMENTATION_COMMENTS = YES;
				CLANG_WARN_EMPTY_BODY = YES;
				CLANG_WARN_ENUM_CONVERSION = YES;
				CLANG_WARN_INFINITE_RECURSION = YES;
				CLANG_WARN_INT_CONVERSION = YES;
				CLANG_WARN_NON_LITERAL_NULL_CONVERSION = YES;
				CLANG_WARN_OBJC_LITERAL_CONVERSION = YES;
				CLANG_WARN_OBJC_ROOT_CLASS = YES_ERROR;
				CLANG_WARN_RANGE_LOOP_ANALYSIS = YES;
				CLANG_WARN_STRICT_PROTOTYPES = YES;
				CLANG_WARN_SUSPICIOUS_MOVE = YES;
				CLANG_WARN_UNGUARDED_AVAILABILITY = YES_AGGRESSIVE;
				CLANG_WARN_UNREACHABLE_CODE = YES;
				CLANG_WARN__DUPLICATE_METHOD_MATCH = YES;
				CODE_SIGN_IDENTITY = "iPhone Developer";
				COPY_PHASE_STRIP = NO;
				DEBUG_INFORMATION_FORMAT = dwarf;
				ENABLE_STRICT_OBJC_MSGSEND = YES;
				ENABLE_TESTABILITY = YES;
				GCC_C_LANGUAGE_STANDARD = gnu11;
				GCC_DYNAMIC_NO_PIC = NO;
				GCC_NO_COMMON_BLOCKS = YES;
				GCC_OPTIMIZATION_LEVEL = 0;
				GCC_PREPROCESSOR_DEFINITIONS = (
					"DEBUG=1",
					"$(inherited)",
				);
				GCC_WARN_64_TO_32_BIT_CONVERSION = YES;
				GCC_WARN_ABOUT_RETURN_TYPE = YES_ERROR;
				GCC_WARN_UNDECLARED_SELECTOR = YES;
				GCC_WARN_UNINITIALIZED_AUTOS = YES_AGGRESSIVE;
				GCC_WARN_UNUSED_FUNCTION = YES;
				GCC_WARN_UNUSED_VARIABLE = YES;
				IPHONEOS_DEPLOYMENT_TARGET = 11.1;
				MTL_ENABLE_DEBUG_INFO = YES;
				ONLY_ACTIVE_ARCH = YES;
				SDKROOT = iphoneos;
				SWIFT_ACTIVE_COMPILATION_CONDITIONS = DEBUG;
				SWIFT_OPTIMIZATION_LEVEL = "-Onone";
			};
			name = Debug;
		};
		702B5AC522F9DEB3007F83F2 /* Release */ = {
			isa = XCBuildConfiguration;
			buildSettings = {
				ALWAYS_SEARCH_USER_PATHS = NO;
				CLANG_ANALYZER_NONNULL = YES;
				CLANG_ANALYZER_NUMBER_OBJECT_CONVERSION = YES_AGGRESSIVE;
				CLANG_CXX_LANGUAGE_STANDARD = "gnu++14";
				CLANG_CXX_LIBRARY = "libc++";
				CLANG_ENABLE_MODULES = YES;
				CLANG_ENABLE_OBJC_ARC = YES;
				CLANG_WARN_BLOCK_CAPTURE_AUTORELEASING = YES;
				CLANG_WARN_BOOL_CONVERSION = YES;
				CLANG_WARN_COMMA = YES;
				CLANG_WARN_CONSTANT_CONVERSION = YES;
				CLANG_WARN_DIRECT_OBJC_ISA_USAGE = YES_ERROR;
				CLANG_WARN_DOCUMENTATION_COMMENTS = YES;
				CLANG_WARN_EMPTY_BODY = YES;
				CLANG_WARN_ENUM_CONVERSION = YES;
				CLANG_WARN_INFINITE_RECURSION = YES;
				CLANG_WARN_INT_CONVERSION = YES;
				CLANG_WARN_NON_LITERAL_NULL_CONVERSION = YES;
				CLANG_WARN_OBJC_LITERAL_CONVERSION = YES;
				CLANG_WARN_OBJC_ROOT_CLASS = YES_ERROR;
				CLANG_WARN_RANGE_LOOP_ANALYSIS = YES;
				CLANG_WARN_STRICT_PROTOTYPES = YES;
				CLANG_WARN_SUSPICIOUS_MOVE = YES;
				CLANG_WARN_UNGUARDED_AVAILABILITY = YES_AGGRESSIVE;
				CLANG_WARN_UNREACHABLE_CODE = YES;
				CLANG_WARN__DUPLICATE_METHOD_MATCH = YES;
				CODE_SIGN_IDENTITY = "iPhone Developer";
				COPY_PHASE_STRIP = NO;
				DEBUG_INFORMATION_FORMAT = "dwarf-with-dsym";
				ENABLE_NS_ASSERTIONS = NO;
				ENABLE_STRICT_OBJC_MSGSEND = YES;
				GCC_C_LANGUAGE_STANDARD = gnu11;
				GCC_NO_COMMON_BLOCKS = YES;
				GCC_WARN_64_TO_32_BIT_CONVERSION = YES;
				GCC_WARN_ABOUT_RETURN_TYPE = YES_ERROR;
				GCC_WARN_UNDECLARED_SELECTOR = YES;
				GCC_WARN_UNINITIALIZED_AUTOS = YES_AGGRESSIVE;
				GCC_WARN_UNUSED_FUNCTION = YES;
				GCC_WARN_UNUSED_VARIABLE = YES;
				IPHONEOS_DEPLOYMENT_TARGET = 11.1;
				MTL_ENABLE_DEBUG_INFO = NO;
				SDKROOT = iphoneos;
				SWIFT_OPTIMIZATION_LEVEL = "-Owholemodule";
				VALIDATE_PRODUCT = YES;
			};
			name = Release;
		};
		702B5AC722F9DEB3007F83F2 /* Debug */ = {
			isa = XCBuildConfiguration;
			baseConfigurationReference = 6BFE957B3050577AC3358E06 /* Pods-Booket.debug.xcconfig */;
			buildSettings = {
				ASSETCATALOG_COMPILER_APPICON_NAME = AppIcon;
				CODE_SIGN_STYLE = Automatic;
				GCC_INCREASE_PRECOMPILED_HEADER_SHARING = YES;
				GCC_PREFIX_HEADER = "$(SRCROOT)/MyPrefixHeaderFile.pch\n";
				INFOPLIST_FILE = Booket/Info.plist;
				LD_RUNPATH_SEARCH_PATHS = "$(inherited) @executable_path/Frameworks";
				PRODUCT_BUNDLE_IDENTIFIER = Booket.Booket;
				PRODUCT_NAME = "$(TARGET_NAME)";
				SWIFT_OBJC_BRIDGING_HEADER = "$(SRCROOT)/$(PRODUCT)Bridging-Header.h";
				SWIFT_VERSION = 4.0;
				TARGETED_DEVICE_FAMILY = "1,2";
			};
			name = Debug;
		};
		702B5AC822F9DEB3007F83F2 /* Release */ = {
			isa = XCBuildConfiguration;
			baseConfigurationReference = B27CF9DE5EE1A4B99AE7A703 /* Pods-Booket.release.xcconfig */;
			buildSettings = {
				ASSETCATALOG_COMPILER_APPICON_NAME = AppIcon;
				CODE_SIGN_STYLE = Automatic;
				GCC_INCREASE_PRECOMPILED_HEADER_SHARING = YES;
				GCC_PREFIX_HEADER = "$(SRCROOT)/MyPrefixHeaderFile.pch\n";
				INFOPLIST_FILE = Booket/Info.plist;
				LD_RUNPATH_SEARCH_PATHS = "$(inherited) @executable_path/Frameworks";
				PRODUCT_BUNDLE_IDENTIFIER = Booket.Booket;
				PRODUCT_NAME = "$(TARGET_NAME)";
				SWIFT_OBJC_BRIDGING_HEADER = "$(SRCROOT)/$(PRODUCT)Bridging-Header.h";
				SWIFT_VERSION = 4.0;
				TARGETED_DEVICE_FAMILY = "1,2";
			};
			name = Release;
		};
		702B5ACA22F9DEB3007F83F2 /* Debug */ = {
			isa = XCBuildConfiguration;
			baseConfigurationReference = A94719613AFDA711341A8A20 /* Pods-BooketTests.debug.xcconfig */;
			buildSettings = {
				ALWAYS_EMBED_SWIFT_STANDARD_LIBRARIES = YES;
				BUNDLE_LOADER = "$(TEST_HOST)";
				CODE_SIGN_STYLE = Automatic;
				INFOPLIST_FILE = BooketTests/Info.plist;
				LD_RUNPATH_SEARCH_PATHS = "$(inherited) @executable_path/Frameworks @loader_path/Frameworks";
				PRODUCT_BUNDLE_IDENTIFIER = Booket.BooketTests;
				PRODUCT_NAME = "$(TARGET_NAME)";
				SWIFT_VERSION = 4.0;
				TARGETED_DEVICE_FAMILY = "1,2";
				TEST_HOST = "$(BUILT_PRODUCTS_DIR)/Booket.app/Booket";
			};
			name = Debug;
		};
		702B5ACB22F9DEB3007F83F2 /* Release */ = {
			isa = XCBuildConfiguration;
			baseConfigurationReference = FE09BC5AD18312F85699C77D /* Pods-BooketTests.release.xcconfig */;
			buildSettings = {
				ALWAYS_EMBED_SWIFT_STANDARD_LIBRARIES = YES;
				BUNDLE_LOADER = "$(TEST_HOST)";
				CODE_SIGN_STYLE = Automatic;
				INFOPLIST_FILE = BooketTests/Info.plist;
				LD_RUNPATH_SEARCH_PATHS = "$(inherited) @executable_path/Frameworks @loader_path/Frameworks";
				PRODUCT_BUNDLE_IDENTIFIER = Booket.BooketTests;
				PRODUCT_NAME = "$(TARGET_NAME)";
				SWIFT_VERSION = 4.0;
				TARGETED_DEVICE_FAMILY = "1,2";
				TEST_HOST = "$(BUILT_PRODUCTS_DIR)/Booket.app/Booket";
			};
			name = Release;
		};
		702B5ACD22F9DEB3007F83F2 /* Debug */ = {
			isa = XCBuildConfiguration;
			baseConfigurationReference = A7B26CB4141A1A36A3333C0D /* Pods-BooketUITests.debug.xcconfig */;
			buildSettings = {
				ALWAYS_EMBED_SWIFT_STANDARD_LIBRARIES = YES;
				CODE_SIGN_STYLE = Automatic;
				INFOPLIST_FILE = BooketUITests/Info.plist;
				LD_RUNPATH_SEARCH_PATHS = "$(inherited) @executable_path/Frameworks @loader_path/Frameworks";
				PRODUCT_BUNDLE_IDENTIFIER = Booket.BooketUITests;
				PRODUCT_NAME = "$(TARGET_NAME)";
				SWIFT_VERSION = 4.0;
				TARGETED_DEVICE_FAMILY = "1,2";
				TEST_TARGET_NAME = Booket;
			};
			name = Debug;
		};
		702B5ACE22F9DEB3007F83F2 /* Release */ = {
			isa = XCBuildConfiguration;
			baseConfigurationReference = 9C2CFF7258DB38A3877EFBAC /* Pods-BooketUITests.release.xcconfig */;
			buildSettings = {
				ALWAYS_EMBED_SWIFT_STANDARD_LIBRARIES = YES;
				CODE_SIGN_STYLE = Automatic;
				INFOPLIST_FILE = BooketUITests/Info.plist;
				LD_RUNPATH_SEARCH_PATHS = "$(inherited) @executable_path/Frameworks @loader_path/Frameworks";
				PRODUCT_BUNDLE_IDENTIFIER = Booket.BooketUITests;
				PRODUCT_NAME = "$(TARGET_NAME)";
				SWIFT_VERSION = 4.0;
				TARGETED_DEVICE_FAMILY = "1,2";
				TEST_TARGET_NAME = Booket;
			};
			name = Release;
		};
/* End XCBuildConfiguration section */

/* Begin XCConfigurationList section */
		702B5A9922F9DEB2007F83F2 /* Build configuration list for PBXProject "Booket" */ = {
			isa = XCConfigurationList;
			buildConfigurations = (
				702B5AC422F9DEB3007F83F2 /* Debug */,
				702B5AC522F9DEB3007F83F2 /* Release */,
			);
			defaultConfigurationIsVisible = 0;
			defaultConfigurationName = Release;
		};
		702B5AC622F9DEB3007F83F2 /* Build configuration list for PBXNativeTarget "Booket" */ = {
			isa = XCConfigurationList;
			buildConfigurations = (
				702B5AC722F9DEB3007F83F2 /* Debug */,
				702B5AC822F9DEB3007F83F2 /* Release */,
			);
			defaultConfigurationIsVisible = 0;
			defaultConfigurationName = Release;
		};
		702B5AC922F9DEB3007F83F2 /* Build configuration list for PBXNativeTarget "BooketTests" */ = {
			isa = XCConfigurationList;
			buildConfigurations = (
				702B5ACA22F9DEB3007F83F2 /* Debug */,
				702B5ACB22F9DEB3007F83F2 /* Release */,
			);
			defaultConfigurationIsVisible = 0;
			defaultConfigurationName = Release;
		};
		702B5ACC22F9DEB3007F83F2 /* Build configuration list for PBXNativeTarget "BooketUITests" */ = {
			isa = XCConfigurationList;
			buildConfigurations = (
				702B5ACD22F9DEB3007F83F2 /* Debug */,
				702B5ACE22F9DEB3007F83F2 /* Release */,
			);
			defaultConfigurationIsVisible = 0;
			defaultConfigurationName = Release;
		};
/* End XCConfigurationList section */
	};
	rootObject = 702B5A9622F9DEB2007F83F2 /* Project object */;
}
